
Microsoft Visual Studio Solution File, Format Version 12.00
# Visual Studio Version 16
VisualStudioVersion = 16.0.30413.136
MinimumVisualStudioVersion = 10.0.40219.1
Project("{9A19103F-16F7-4668-BE54-9A1E7A4F7556}") = "kta-api", "kta-api.csproj", "{B628C33D-6B0E-4D0D-9EA8-EDDA7454A19D}"
EndProject
Project("{2150E333-8FDC-42A3-9474-1A3956D46DE8}") = "kta-modules", "kta-modules", "{4DD44258-19D0-48A6-837F-A7A8497842D2}"
EndProject
Project("{FAE04EC0-301F-11D3-BF4B-00C04F79EFBC}") = "kta-email", "..\Email\kta-email.csproj", "{425E0F38-64D8-4364-A781-74EB7A9BBF73}"
EndProject
Project("{2150E333-8FDC-42A3-9474-1A3956D46DE8}") = "kta-tests", "kta-tests", "{5DA31E8C-350A-4EEA-BC3C-429504369D78}"
EndProject
Global
	GlobalSection(SolutionConfigurationPlatforms) = preSolution
		Debug|Any CPU = Debug|Any CPU
		Release|Any CPU = Release|Any CPU
	EndGlobalSection
	GlobalSection(ProjectConfigurationPlatforms) = postSolution
		{B628C33D-6B0E-4D0D-9EA8-EDDA7454A19D}.Debug|Any CPU.ActiveCfg = Debug|Any CPU
		{B628C33D-6B0E-4D0D-9EA8-EDDA7454A19D}.Debug|Any CPU.Build.0 = Debug|Any CPU
		{B628C33D-6B0E-4D0D-9EA8-EDDA7454A19D}.Release|Any CPU.ActiveCfg = Release|Any CPU
		{B628C33D-6B0E-4D0D-9EA8-EDDA7454A19D}.Release|Any CPU.Build.0 = Release|Any CPU
		{425E0F38-64D8-4364-A781-74EB7A9BBF73}.Debug|Any CPU.ActiveCfg = Debug|Any CPU
		{425E0F38-64D8-4364-A781-74EB7A9BBF73}.Debug|Any CPU.Build.0 = Debug|Any CPU
		{425E0F38-64D8-4364-A781-74EB7A9BBF73}.Release|Any CPU.ActiveCfg = Release|Any CPU
		{425E0F38-64D8-4364-A781-74EB7A9BBF73}.Release|Any CPU.Build.0 = Release|Any CPU
	EndGlobalSection
	GlobalSection(SolutionProperties) = preSolution
		HideSolutionNode = FALSE
	EndGlobalSection
	GlobalSection(NestedProjects) = preSolution
		{425E0F38-64D8-4364-A781-74EB7A9BBF73} = {4DD44258-19D0-48A6-837F-A7A8497842D2}
	EndGlobalSection
	GlobalSection(ExtensibilityGlobals) = postSolution
		SolutionGuid = {4B918656-0C53-40E5-8394-4B77D896DF54}
	EndGlobalSection
EndGlobal
